// !$*UTF8*$!
{
	archiveVersion = 1;
	classes = {
	};
	objectVersion = 77;
	objects = {

/* Begin PBXContainerItemProxy section */
		D52322802EE1A03D003FE9BC /* PBXContainerItemProxy */ = {
			isa = PBXContainerItemProxy;
			containerPortal = D52322662EE1A03C003FE9BC /* Project object */;
			proxyType = 1;
			remoteGlobalIDString = D523226D2EE1A03C003FE9BC;
			remoteInfo = UnplugAlarm;
		};
		D523228A2EE1A03D003FE9BC /* PBXContainerItemProxy */ = {
			isa = PBXContainerItemProxy;
			containerPortal = D52322662EE1A03C003FE9BC /* Project object */;
			proxyType = 1;
			remoteGlobalIDString = D523226D2EE1A03C003FE9BC;
			remoteInfo = UnplugAlarm;
		};
/* End PBXContainerItemProxy section */

/* Begin PBXFileReference section */
		D523226E2EE1A03C003FE9BC /* UnplugAlarm.app */ = {isa = PBXFileReference; explicitFileType = wrapper.application; includeInIndex = 0; path = UnplugAlarm.app; sourceTree = BUILT_PRODUCTS_DIR; };
		D523227F2EE1A03D003FE9BC /* UnplugAlarmTests.xctest */ = {isa = PBXFileReference; explicitFileType = wrapper.cfbundle; includeInIndex = 0; path = UnplugAlarmTests.xctest; sourceTree = BUILT_PRODUCTS_DIR; };
		D52322892EE1A03D003FE9BC /* UnplugAlarmUITests.xctest */ = {isa = PBXFileReference; explicitFileType = wrapper.cfbundle; includeInIndex = 0; path = UnplugAlarmUITests.xctest; sourceTree = BUILT_PRODUCTS_DIR; };
/* End PBXFileReference section */

/* Begin PBXFileSystemSynchronizedRootGroup section */
		D52322702EE1A03C003FE9BC /* UnplugAlarm */ = {
			isa = PBXFileSystemSynchronizedRootGroup;
			path = UnplugAlarm;
			sourceTree = "<group>";
		};
		D52322822EE1A03D003FE9BC /* UnplugAlarmTests */ = {
			isa = PBXFileSystemSynchronizedRootGroup;
			path = UnplugAlarmTests;
			sourceTree = "<group>";
		};
		D523228C2EE1A03D003FE9BC /* UnplugAlarmUITests */ = {
			isa = PBXFileSystemSynchronizedRootGroup;
			path = UnplugAlarmUITests;
			sourceTree = "<group>";
		};
/* End PBXFileSystemSynchronizedRootGroup section */

/* Begin PBXFrameworksBuildPhase section */
		D523226B2EE1A03C003FE9BC /* Frameworks */ = {
			isa = PBXFrameworksBuildPhase;
			buildActionMask = 2147483647;
			files = (
			);
			runOnlyForDeploymentPostprocessing = 0;
		};
		D523227C2EE1A03D003FE9BC /* Frameworks */ = {
			isa = PBXFrameworksBuildPhase;
			buildActionMask = 2147483647;
			files = (
			);
			runOnlyForDeploymentPostprocessing = 0;
		};
		D52322862EE1A03D003FE9BC /* Frameworks */ = {
			isa = PBXFrameworksBuildPhase;
			buildActionMask = 2147483647;
			files = (
			);
			runOnlyForDeploymentPostprocessing = 0;
		};
/* End PBXFrameworksBuildPhase section */

/* Begin PBXGroup section */
		D52322652EE1A03C003FE9BC = {
			isa = PBXGroup;
			children = (
				D52322702EE1A03C003FE9BC /* UnplugAlarm */,
				D52322822EE1A03D003FE9BC /* UnplugAlarmTests */,
				D523228C2EE1A03D003FE9BC /* UnplugAlarmUITests */,
				D523226F2EE1A03C003FE9BC /* Products */,
			);
			sourceTree = "<group>";
		};
		D523226F2EE1A03C003FE9BC /* Products */ = {
			isa = PBXGroup;
			children = (
				D523226E2EE1A03C003FE9BC /* UnplugAlarm.app */,
				D523227F2EE1A03D003FE9BC /* UnplugAlarmTests.xctest */,
				D52322892EE1A03D003FE9BC /* UnplugAlarmUITests.xctest */,
			);
			name = Products;
			sourceTree = "<group>";
		};
/* End PBXGroup section */

/* Begin PBXNativeTarget section */
		D523226D2EE1A03C003FE9BC /* UnplugAlarm */ = {
			isa = PBXNativeTarget;
			buildConfigurationList = D52322932EE1A03D003FE9BC /* Build configuration list for PBXNativeTarget "UnplugAlarm" */;
			buildPhases = (
				D523226A2EE1A03C003FE9BC /* Sources */,
				D523226B2EE1A03C003FE9BC /* Frameworks */,
				D523226C2EE1A03C003FE9BC /* Resources */,
			);
			buildRules = (
			);
			dependencies = (
			);
			fileSystemSynchronizedGroups = (
				D52322702EE1A03C003FE9BC /* UnplugAlarm */,
			);
			name = UnplugAlarm;
			packageProductDependencies = (
			);
			productName = UnplugAlarm;
			productReference = D523226E2EE1A03C003FE9BC /* UnplugAlarm.app */;
			productType = "com.apple.product-type.application";
		};
		D523227E2EE1A03D003FE9BC /* UnplugAlarmTests */ = {
			isa = PBXNativeTarget;
			buildConfigurationList = D52322962EE1A03D003FE9BC /* Build configuration list for PBXNativeTarget "UnplugAlarmTests" */;
			buildPhases = (
				D523227B2EE1A03D003FE9BC /* Sources */,
				D523227C2EE1A03D003FE9BC /* Frameworks */,
				D523227D2EE1A03D003FE9BC /* Resources */,
			);
			buildRules = (
			);
			dependencies = (
				D52322812EE1A03D003FE9BC /* PBXTargetDependency */,
			);
			fileSystemSynchronizedGroups = (
				D52322822EE1A03D003FE9BC /* UnplugAlarmTests */,
			);
			name = UnplugAlarmTests;
			packageProductDependencies = (
			);
			productName = UnplugAlarmTests;
			productReference = D523227F2EE1A03D003FE9BC /* UnplugAlarmTests.xctest */;
			productType = "com.apple.product-type.bundle.unit-test";
		};
		D52322882EE1A03D003FE9BC /* UnplugAlarmUITests */ = {
			isa = PBXNativeTarget;
			buildConfigurationList = D52322992EE1A03D003FE9BC /* Build configuration list for PBXNativeTarget "UnplugAlarmUITests" */;
			buildPhases = (
				D52322852EE1A03D003FE9BC /* Sources */,
				D52322862EE1A03D003FE9BC /* Frameworks */,
				D52322872EE1A03D003FE9BC /* Resources */,
			);
			buildRules = (
			);
			dependencies = (
				D523228B2EE1A03D003FE9BC /* PBXTargetDependency */,
			);
			fileSystemSynchronizedGroups = (
				D523228C2EE1A03D003FE9BC /* UnplugAlarmUITests */,
			);
			name = UnplugAlarmUITests;
			packageProductDependencies = (
			);
			productName = UnplugAlarmUITests;
			productReference = D52322892EE1A03D003FE9BC /* UnplugAlarmUITests.xctest */;
			productType = "com.apple.product-type.bundle.ui-testing";
		};
/* End PBXNativeTarget section */

/* Begin PBXProject section */
		D52322662EE1A03C003FE9BC /* Project object */ = {
			isa = PBXProject;
			attributes = {
				BuildIndependentTargetsInParallel = 1;
				LastSwiftUpdateCheck = 1620;
				LastUpgradeCheck = 1620;
				TargetAttributes = {
					D523226D2EE1A03C003FE9BC = {
						CreatedOnToolsVersion = 16.2;
					};
					D523227E2EE1A03D003FE9BC = {
						CreatedOnToolsVersion = 16.2;
						TestTargetID = D523226D2EE1A03C003FE9BC;
					};
					D52322882EE1A03D003FE9BC = {
						CreatedOnToolsVersion = 16.2;
						TestTargetID = D523226D2EE1A03C003FE9BC;
					};
				};
			};
			buildConfigurationList = D52322692EE1A03C003FE9BC /* Build configuration list for PBXProject "UnplugAlarm" */;
			developmentRegion = en;
			hasScannedForEncodings = 0;
			knownRegions = (
				en,
				Base,
			);
			mainGroup = D52322652EE1A03C003FE9BC;
			minimizedProjectReferenceProxies = 1;
			preferredProjectObjectVersion = 77;
			productRefGroup = D523226F2EE1A03C003FE9BC /* Products */;
			projectDirPath = "";
			projectRoot = "";
			targets = (
				D523226D2EE1A03C003FE9BC /* UnplugAlarm */,
				D523227E2EE1A03D003FE9BC /* UnplugAlarmTests */,
				D52322882EE1A03D003FE9BC /* UnplugAlarmUITests */,
			);
		};
/* End PBXProject section */

/* Begin PBXResourcesBuildPhase section */
		D523226C2EE1A03C003FE9BC /* Resources */ = {
			isa = PBXResourcesBuildPhase;
			buildActionMask = 2147483647;
			files = (
			);
			runOnlyForDeploymentPostprocessing = 0;
		};
		D523227D2EE1A03D003FE9BC /* Resources */ = {
			isa = PBXResourcesBuildPhase;
			buildActionMask = 2147483647;
			files = (
			);
			runOnlyForDeploymentPostprocessing = 0;
		};
		D52322872EE1A03D003FE9BC /* Resources */ = {
			isa = PBXResourcesBuildPhase;
			buildActionMask = 2147483647;
			files = (
			);
			runOnlyForDeploymentPostprocessing = 0;
		};
/* End PBXResourcesBuildPhase section */

/* Begin PBXSourcesBuildPhase section */
		D523226A2EE1A03C003FE9BC /* Sources */ = {
			isa = PBXSourcesBuildPhase;
			buildActionMask = 2147483647;
			files = (
			);
			runOnlyForDeploymentPostprocessing = 0;
		};
		D523227B2EE1A03D003FE9BC /* Sources */ = {
			isa = PBXSourcesBuildPhase;
			buildActionMask = 2147483647;
			files = (
			);
			runOnlyForDeploymentPostprocessing = 0;
		};
		D52322852EE1A03D003FE9BC /* Sources */ = {
			isa = PBXSourcesBuildPhase;
			buildActionMask = 2147483647;
			files = (
			);
			runOnlyForDeploymentPostprocessing = 0;
		};
/* End PBXSourcesBuildPhase section */

/* Begin PBXTargetDependency section */
		D52322812EE1A03D003FE9BC /* PBXTargetDependency */ = {
			isa = PBXTargetDependency;
			target = D523226D2EE1A03C003FE9BC /* UnplugAlarm */;
			targetProxy = D52322802EE1A03D003FE9BC /* PBXContainerItemProxy */;
		};
		D523228B2EE1A03D003FE9BC /* PBXTargetDependency */ = {
			isa = PBXTargetDependency;
			target = D523226D2EE1A03C003FE9BC /* UnplugAlarm */;
			targetProxy = D523228A2EE1A03D003FE9BC /* PBXContainerItemProxy */;
		};
/* End PBXTargetDependency section */

/* Begin XCBuildConfiguration section */
		D52322912EE1A03D003FE9BC /* Debug */ = {
			isa = XCBuildConfiguration;
			buildSettings = {
				ALWAYS_SEARCH_USER_PATHS = NO;
				ASSETCATALOG_COMPILER_GENERATE_SWIFT_ASSET_SYMBOL_EXTENSIONS = YES;
				CLANG_ANALYZER_NONNULL = YES;
				CLANG_ANALYZER_NUMBER_OBJECT_CONVERSION = YES_AGGRESSIVE;
				CLANG_CXX_LANGUAGE_STANDARD = "gnu++20";
				CLANG_ENABLE_MODULES = YES;
				CLANG_ENABLE_OBJC_ARC = YES;
				CLANG_ENABLE_OBJC_WEAK = YES;
				CLANG_WARN_BLOCK_CAPTURE_AUTORELEASING = YES;
				CLANG_WARN_BOOL_CONVERSION = YES;
				CLANG_WARN_COMMA = YES;
				CLANG_WARN_CONSTANT_CONVERSION = YES;
				CLANG_WARN_DEPRECATED_OBJC_IMPLEMENTATIONS = YES;
				CLANG_WARN_DIRECT_OBJC_ISA_USAGE = YES_ERROR;
				CLANG_WARN_DOCUMENTATION_COMMENTS = YES;
				CLANG_WARN_EMPTY_BODY = YES;
				CLANG_WARN_ENUM_CONVERSION = YES;
				CLANG_WARN_INFINITE_RECURSION = YES;
				CLANG_WARN_INT_CONVERSION = YES;
				CLANG_WARN_NON_LITERAL_NULL_CONVERSION = YES;
				CLANG_WARN_OBJC_IMPLICIT_RETAIN_SELF = YES;
				CLANG_WARN_OBJC_LITERAL_CONVERSION = YES;
				CLANG_WARN_OBJC_ROOT_CLASS = YES_ERROR;
				CLANG_WARN_QUOTED_INCLUDE_IN_FRAMEWORK_HEADER = YES;
				CLANG_WARN_RANGE_LOOP_ANALYSIS = YES;
				CLANG_WARN_STRICT_PROTOTYPES = YES;
				CLANG_WARN_SUSPICIOUS_MOVE = YES;
				CLANG_WARN_UNGUARDED_AVAILABILITY = YES_AGGRESSIVE;
				CLANG_WARN_UNREACHABLE_CODE = YES;
				CLANG_WARN__DUPLICATE_METHOD_MATCH = YES;
				COPY_PHASE_STRIP = NO;
				DEBUG_INFORMATION_FORMAT = dwarf;
				ENABLE_STRICT_OBJC_MSGSEND = YES;
				ENABLE_TESTABILITY = YES;
				ENABLE_USER_SCRIPT_SANDBOXING = YES;
				GCC_C_LANGUAGE_STANDARD = gnu17;
				GCC_DYNAMIC_NO_PIC = NO;
				GCC_NO_COMMON_BLOCKS = YES;
				GCC_OPTIMIZATION_LEVEL = 0;
				GCC_PREPROCESSOR_DEFINITIONS = (
					"DEBUG=1",
					"$(inherited)",
				);
				GCC_WARN_64_TO_32_BIT_CONVERSION = YES;
				GCC_WARN_ABOUT_RETURN_TYPE = YES_ERROR;
				GCC_WARN_UNDECLARED_SELECTOR = YES;
				GCC_WARN_UNINITIALIZED_AUTOS = YES_AGGRESSIVE;
				GCC_WARN_UNUSED_FUNCTION = YES;
				GCC_WARN_UNUSED_VARIABLE = YES;
				LOCALIZATION_PREFERS_STRING_CATALOGS = YES;
				MACOSX_DEPLOYMENT_TARGET = 15.2;
				MTL_ENABLE_DEBUG_INFO = INCLUDE_SOURCE;
				MTL_FAST_MATH = YES;
				ONLY_ACTIVE_ARCH = YES;
				SDKROOT = macosx;
				SWIFT_ACTIVE_COMPILATION_CONDITIONS = "DEBUG $(inherited)";
				SWIFT_OPTIMIZATION_LEVEL = "-Onone";
			};
			name = Debug;
		};
		D52322922EE1A03D003FE9BC /* Release */ = {
			isa = XCBuildConfiguration;
			buildSettings = {
				ALWAYS_SEARCH_USER_PATHS = NO;
				ASSETCATALOG_COMPILER_GENERATE_SWIFT_ASSET_SYMBOL_EXTENSIONS = YES;
				CLANG_ANALYZER_NONNULL = YES;
				CLANG_ANALYZER_NUMBER_OBJECT_CONVERSION = YES_AGGRESSIVE;
				CLANG_CXX_LANGUAGE_STANDARD = "gnu++20";
				CLANG_ENABLE_MODULES = YES;
				CLANG_ENABLE_OBJC_ARC = YES;
				CLANG_ENABLE_OBJC_WEAK = YES;
				CLANG_WARN_BLOCK_CAPTURE_AUTORELEASING = YES;
				CLANG_WARN_BOOL_CONVERSION = YES;
				CLANG_WARN_COMMA = YES;
				CLANG_WARN_CONSTANT_CONVERSION = YES;
				CLANG_WARN_DEPRECATED_OBJC_IMPLEMENTATIONS = YES;
				CLANG_WARN_DIRECT_OBJC_ISA_USAGE = YES_ERROR;
				CLANG_WARN_DOCUMENTATION_COMMENTS = YES;
				CLANG_WARN_EMPTY_BODY = YES;
				CLANG_WARN_ENUM_CONVERSION = YES;
				CLANG_WARN_INFINITE_RECURSION = YES;
				CLANG_WARN_INT_CONVERSION = YES;
				CLANG_WARN_NON_LITERAL_NULL_CONVERSION = YES;
				CLANG_WARN_OBJC_IMPLICIT_RETAIN_SELF = YES;
				CLANG_WARN_OBJC_LITERAL_CONVERSION = YES;
				CLANG_WARN_OBJC_ROOT_CLASS = YES_ERROR;
				CLANG_WARN_QUOTED_INCLUDE_IN_FRAMEWORK_HEADER = YES;
				CLANG_WARN_RANGE_LOOP_ANALYSIS = YES;
				CLANG_WARN_STRICT_PROTOTYPES = YES;
				CLANG_WARN_SUSPICIOUS_MOVE = YES;
				CLANG_WARN_UNGUARDED_AVAILABILITY = YES_AGGRESSIVE;
				CLANG_WARN_UNREACHABLE_CODE = YES;
				CLANG_WARN__DUPLICATE_METHOD_MATCH = YES;
				COPY_PHASE_STRIP = NO;
				DEBUG_INFORMATION_FORMAT = "dwarf-with-dsym";
				ENABLE_NS_ASSERTIONS = NO;
				ENABLE_STRICT_OBJC_MSGSEND = YES;
				ENABLE_USER_SCRIPT_SANDBOXING = YES;
				GCC_C_LANGUAGE_STANDARD = gnu17;
				GCC_NO_COMMON_BLOCKS = YES;
				GCC_WARN_64_TO_32_BIT_CONVERSION = YES;
				GCC_WARN_ABOUT_RETURN_TYPE = YES_ERROR;
				GCC_WARN_UNDECLARED_SELECTOR = YES;
				GCC_WARN_UNINITIALIZED_AUTOS = YES_AGGRESSIVE;
				GCC_WARN_UNUSED_FUNCTION = YES;
				GCC_WARN_UNUSED_VARIABLE = YES;
				LOCALIZATION_PREFERS_STRING_CATALOGS = YES;
				MACOSX_DEPLOYMENT_TARGET = 15.2;
				MTL_ENABLE_DEBUG_INFO = NO;
				MTL_FAST_MATH = YES;
				SDKROOT = macosx;
				SWIFT_COMPILATION_MODE = wholemodule;
			};
			name = Release;
		};
		D52322942EE1A03D003FE9BC /* Debug */ = {
			isa = XCBuildConfiguration;
			buildSettings = {
				ASSETCATALOG_COMPILER_APPICON_NAME = AppIcon;
				ASSETCATALOG_COMPILER_GLOBAL_ACCENT_COLOR_NAME = AccentColor;
				CODE_SIGN_ENTITLEMENTS = UnplugAlarm/UnplugAlarm.entitlements;
				CODE_SIGN_IDENTITY = "Apple Development";
				"CODE_SIGN_IDENTITY[sdk=macosx*]" = "Apple Development";
				CODE_SIGN_STYLE = Automatic;
				COMBINE_HIDPI_IMAGES = YES;
				CURRENT_PROJECT_VERSION = 1;
				DEVELOPMENT_ASSET_PATHS = "\"UnplugAlarm/Preview Content\"";
				DEVELOPMENT_TEAM = J7Q45JJCJK;
				ENABLE_HARDENED_RUNTIME = YES;
				ENABLE_PREVIEWS = YES;
				GENERATE_INFOPLIST_FILE = YES;
				INFOPLIST_KEY_NSHumanReadableCopyright = "";
				LD_RUNPATH_SEARCH_PATHS = (
					"$(inherited)",
					"@executable_path/../Frameworks",
				);
				MARKETING_VERSION = 1.0;
				PRODUCT_BUNDLE_IDENTIFIER = com.hexton.UnplugAlarm;
				PRODUCT_NAME = "$(TARGET_NAME)";
				PROVISIONING_PROFILE_SPECIFIER = "";
				SWIFT_EMIT_LOC_STRINGS = YES;
				SWIFT_VERSION = 5.0;
			};
			name = Debug;
		};
		D52322952EE1A03D003FE9BC /* Release */ = {
			isa = XCBuildConfiguration;
			buildSettings = {
				ASSETCATALOG_COMPILER_APPICON_NAME = AppIcon;
				ASSETCATALOG_COMPILER_GLOBAL_ACCENT_COLOR_NAME = AccentColor;
				CODE_SIGN_ENTITLEMENTS = UnplugAlarm/UnplugAlarm.entitlements;
				CODE_SIGN_IDENTITY = "Apple Development";
				"CODE_SIGN_IDENTITY[sdk=macosx*]" = "Apple Development";
				CODE_SIGN_STYLE = Automatic;
				COMBINE_HIDPI_IMAGES = YES;
				CURRENT_PROJECT_VERSION = 1;
				DEVELOPMENT_ASSET_PATHS = "\"UnplugAlarm/Preview Content\"";
				DEVELOPMENT_TEAM = J7Q45JJCJK;
				ENABLE_HARDENED_RUNTIME = YES;
				ENABLE_PREVIEWS = YES;
				GENERATE_INFOPLIST_FILE = YES;
				INFOPLIST_KEY_NSHumanReadableCopyright = "";
				LD_RUNPATH_SEARCH_PATHS = (
					"$(inherited)",
					"@executable_path/../Frameworks",
				);
				MARKETING_VERSION = 1.0;
				PRODUCT_BUNDLE_IDENTIFIER = com.hexton.UnplugAlarm;
				PRODUCT_NAME = "$(TARGET_NAME)";
				PROVISIONING_PROFILE_SPECIFIER = "";
				SWIFT_EMIT_LOC_STRINGS = YES;
				SWIFT_VERSION = 5.0;
			};
			name = Release;
		};
		D52322972EE1A03D003FE9BC /* Debug */ = {
			isa = XCBuildConfiguration;
			buildSettings = {
				BUNDLE_LOADER = "$(TEST_HOST)";
				CODE_SIGN_STYLE = Automatic;
				CURRENT_PROJECT_VERSION = 1;
				GENERATE_INFOPLIST_FILE = YES;
				MACOSX_DEPLOYMENT_TARGET = 15.2;
				MARKETING_VERSION = 1.0;
				PRODUCT_BUNDLE_IDENTIFIER = com.hexton.UnplugAlarmTests;
				PRODUCT_NAME = "$(TARGET_NAME)";
				SWIFT_EMIT_LOC_STRINGS = NO;
				SWIFT_VERSION = 5.0;
				TEST_HOST = "$(BUILT_PRODUCTS_DIR)/UnplugAlarm.app/$(BUNDLE_EXECUTABLE_FOLDER_PATH)/UnplugAlarm";
			};
			name = Debug;
		};
		D52322982EE1A03D003FE9BC /* Release */ = {
			isa = XCBuildConfiguration;
			buildSettings = {
				BUNDLE_LOADER = "$(TEST_HOST)";
				CODE_SIGN_STYLE = Automatic;
				CURRENT_PROJECT_VERSION = 1;
				GENERATE_INFOPLIST_FILE = YES;
				MACOSX_DEPLOYMENT_TARGET = 15.2;
				MARKETING_VERSION = 1.0;
				PRODUCT_BUNDLE_IDENTIFIER = com.hexton.UnplugAlarmTests;
				PRODUCT_NAME = "$(TARGET_NAME)";
				SWIFT_EMIT_LOC_STRINGS = NO;
				SWIFT_VERSION = 5.0;
				TEST_HOST = "$(BUILT_PRODUCTS_DIR)/UnplugAlarm.app/$(BUNDLE_EXECUTABLE_FOLDER_PATH)/UnplugAlarm";
			};
			name = Release;
		};
		D523229A2EE1A03D003FE9BC /* Debug */ = {
			isa = XCBuildConfiguration;
			buildSettings = {
				CODE_SIGN_STYLE = Automatic;
				CURRENT_PROJECT_VERSION = 1;
				GENERATE_INFOPLIST_FILE = YES;
				MARKETING_VERSION = 1.0;
				PRODUCT_BUNDLE_IDENTIFIER = com.hexton.UnplugAlarmUITests;
				PRODUCT_NAME = "$(TARGET_NAME)";
				SWIFT_EMIT_LOC_STRINGS = NO;
				SWIFT_VERSION = 5.0;
				TEST_TARGET_NAME = UnplugAlarm;
			};
			name = Debug;
		};
		D523229B2EE1A03D003FE9BC /* Release */ = {
			isa = XCBuildConfiguration;
			buildSettings = {
				CODE_SIGN_STYLE = Automatic;
				CURRENT_PROJECT_VERSION = 1;
				GENERATE_INFOPLIST_FILE = YES;
				MARKETING_VERSION = 1.0;
				PRODUCT_BUNDLE_IDENTIFIER = com.hexton.UnplugAlarmUITests;
				PRODUCT_NAME = "$(TARGET_NAME)";
				SWIFT_EMIT_LOC_STRINGS = NO;
				SWIFT_VERSION = 5.0;
				TEST_TARGET_NAME = UnplugAlarm;
			};
			name = Release;
		};
/* End XCBuildConfiguration section */

/* Begin XCConfigurationList section */
		D52322692EE1A03C003FE9BC /* Build configuration list for PBXProject "UnplugAlarm" */ = {
			isa = XCConfigurationList;
			buildConfigurations = (
				D52322912EE1A03D003FE9BC /* Debug */,
				D52322922EE1A03D003FE9BC /* Release */,
			);
			defaultConfigurationIsVisible = 0;
			defaultConfigurationName = Release;
		};
		D52322932EE1A03D003FE9BC /* Build configuration list for PBXNativeTarget "UnplugAlarm" */ = {
			isa = XCConfigurationList;
			buildConfigurations = (
				D52322942EE1A03D003FE9BC /* Debug */,
				D52322952EE1A03D003FE9BC /* Release */,
			);
			defaultConfigurationIsVisible = 0;
			defaultConfigurationName = Release;
		};
		D52322962EE1A03D003FE9BC /* Build configuration list for PBXNativeTarget "UnplugAlarmTests" */ = {
			isa = XCConfigurationList;
			buildConfigurations = (
				D52322972EE1A03D003FE9BC /* Debug */,
				D52322982EE1A03D003FE9BC /* Release */,
			);
			defaultConfigurationIsVisible = 0;
			defaultConfigurationName = Release;
		};
		D52322992EE1A03D003FE9BC /* Build configuration list for PBXNativeTarget "UnplugAlarmUITests" */ = {
			isa = XCConfigurationList;
			buildConfigurations = (
				D523229A2EE1A03D003FE9BC /* Debug */,
				D523229B2EE1A03D003FE9BC /* Release */,
			);
			defaultConfigurationIsVisible = 0;
			defaultConfigurationName = Release;
		};
/* End XCConfigurationList section */
	};
	rootObject = D52322662EE1A03C003FE9BC /* Project object */;
}
